// !$*UTF8*$!
{
	archiveVersion = 1;
	classes = {
	};
	objectVersion = 50;
	objects = {

/* Begin PBXBuildFile section */
		F376F9BE21EAB14C00BB887E /* Item.swift in Sources */ = {isa = PBXBuildFile; fileRef = F376F9BD21EAB14C00BB887E /* Item.swift */; };
		F376F9C021EAB23F00BB887E /* XMLFeedParser.swift in Sources */ = {isa = PBXBuildFile; fileRef = F376F9BF21EAB23F00BB887E /* XMLFeedParser.swift */; };
		F376F9C221EBD50D00BB887E /* WebViewController.swift in Sources */ = {isa = PBXBuildFile; fileRef = F376F9C121EBD50D00BB887E /* WebViewController.swift */; };
		F3798CF321EA9E190015F642 /* AppDelegate.swift in Sources */ = {isa = PBXBuildFile; fileRef = F3798CF221EA9E190015F642 /* AppDelegate.swift */; };
		F3798CF821EA9E190015F642 /* Main.storyboard in Resources */ = {isa = PBXBuildFile; fileRef = F3798CF621EA9E190015F642 /* Main.storyboard */; };
		F3798CFA21EA9E1B0015F642 /* Assets.xcassets in Resources */ = {isa = PBXBuildFile; fileRef = F3798CF921EA9E1B0015F642 /* Assets.xcassets */; };
		F3798CFD21EA9E1B0015F642 /* LaunchScreen.storyboard in Resources */ = {isa = PBXBuildFile; fileRef = F3798CFB21EA9E1B0015F642 /* LaunchScreen.storyboard */; };
		F3798D0721EAABDF0015F642 /* Cell.swift in Sources */ = {isa = PBXBuildFile; fileRef = F3798D0621EAABDF0015F642 /* Cell.swift */; };
		F3798D0921EAAC610015F642 /* MainViewController.swift in Sources */ = {isa = PBXBuildFile; fileRef = F3798D0821EAAC610015F642 /* MainViewController.swift */; };
/* End PBXBuildFile section */

/* Begin PBXFileReference section */
		F376F9BD21EAB14C00BB887E /* Item.swift */ = {isa = PBXFileReference; lastKnownFileType = sourcecode.swift; path = Item.swift; sourceTree = "<group>"; };
		F376F9BF21EAB23F00BB887E /* XMLFeedParser.swift */ = {isa = PBXFileReference; lastKnownFileType = sourcecode.swift; path = XMLFeedParser.swift; sourceTree = "<group>"; };
		F376F9C121EBD50D00BB887E /* WebViewController.swift */ = {isa = PBXFileReference; lastKnownFileType = sourcecode.swift; name = WebViewController.swift; path = /Users/e5caper/Desktop/TestProject/TestProject/WebViewController.swift; sourceTree = "<absolute>"; };
		F3798CEF21EA9E190015F642 /* TestProject.app */ = {isa = PBXFileReference; explicitFileType = wrapper.application; includeInIndex = 0; path = TestProject.app; sourceTree = BUILT_PRODUCTS_DIR; };
		F3798CF221EA9E190015F642 /* AppDelegate.swift */ = {isa = PBXFileReference; lastKnownFileType = sourcecode.swift; path = AppDelegate.swift; sourceTree = "<group>"; };
		F3798CF721EA9E190015F642 /* Base */ = {isa = PBXFileReference; lastKnownFileType = file.storyboard; name = Base; path = Base.lproj/Main.storyboard; sourceTree = "<group>"; };
		F3798CF921EA9E1B0015F642 /* Assets.xcassets */ = {isa = PBXFileReference; lastKnownFileType = folder.assetcatalog; path = Assets.xcassets; sourceTree = "<group>"; };
		F3798CFC21EA9E1B0015F642 /* Base */ = {isa = PBXFileReference; lastKnownFileType = file.storyboard; name = Base; path = Base.lproj/LaunchScreen.storyboard; sourceTree = "<group>"; };
		F3798CFE21EA9E1B0015F642 /* Info.plist */ = {isa = PBXFileReference; lastKnownFileType = text.plist.xml; path = Info.plist; sourceTree = "<group>"; };
		F3798D0621EAABDF0015F642 /* Cell.swift */ = {isa = PBXFileReference; lastKnownFileType = sourcecode.swift; path = Cell.swift; sourceTree = "<group>"; };
		F3798D0821EAAC610015F642 /* MainViewController.swift */ = {isa = PBXFileReference; lastKnownFileType = sourcecode.swift; path = MainViewController.swift; sourceTree = "<group>"; };
/* End PBXFileReference section */

/* Begin PBXFrameworksBuildPhase section */
		F3798CEC21EA9E190015F642 /* Frameworks */ = {
			isa = PBXFrameworksBuildPhase;
			buildActionMask = 2147483647;
			files = (
			);
			runOnlyForDeploymentPostprocessing = 0;
		};
/* End PBXFrameworksBuildPhase section */

/* Begin PBXGroup section */
		F3798CE621EA9E190015F642 = {
			isa = PBXGroup;
			children = (
				F3798CF121EA9E190015F642 /* TestProject */,
				F3798CF021EA9E190015F642 /* Products */,
			);
			sourceTree = "<group>";
		};
		F3798CF021EA9E190015F642 /* Products */ = {
			isa = PBXGroup;
			children = (
				F3798CEF21EA9E190015F642 /* TestProject.app */,
			);
			name = Products;
			sourceTree = "<group>";
		};
		F3798CF121EA9E190015F642 /* TestProject */ = {
			isa = PBXGroup;
			children = (
				F3798D0821EAAC610015F642 /* MainViewController.swift */,
				F376F9BF21EAB23F00BB887E /* XMLFeedParser.swift */,
				F376F9C121EBD50D00BB887E /* WebViewController.swift */,
				F3798D0621EAABDF0015F642 /* Cell.swift */,
				F376F9BD21EAB14C00BB887E /* Item.swift */,
				F3798CF621EA9E190015F642 /* Main.storyboard */,
				F3798CF221EA9E190015F642 /* AppDelegate.swift */,
				F3798CF921EA9E1B0015F642 /* Assets.xcassets */,
				F3798CFB21EA9E1B0015F642 /* LaunchScreen.storyboard */,
				F3798CFE21EA9E1B0015F642 /* Info.plist */,
			);
			path = TestProject;
			sourceTree = "<group>";
		};
/* End PBXGroup section */

/* Begin PBXNativeTarget section */
		F3798CEE21EA9E190015F642 /* TestProject */ = {
			isa = PBXNativeTarget;
			buildConfigurationList = F3798D0121EA9E1B0015F642 /* Build configuration list for PBXNativeTarget "TestProject" */;
			buildPhases = (
				F3798CEB21EA9E190015F642 /* Sources */,
				F3798CEC21EA9E190015F642 /* Frameworks */,
				F3798CED21EA9E190015F642 /* Resources */,
			);
			buildRules = (
			);
			dependencies = (
			);
			name = TestProject;
			productName = TestProject;
			productReference = F3798CEF21EA9E190015F642 /* TestProject.app */;
			productType = "com.apple.product-type.application";
		};
/* End PBXNativeTarget section */

/* Begin PBXProject section */
		F3798CE721EA9E190015F642 /* Project object */ = {
			isa = PBXProject;
			attributes = {
				LastSwiftUpdateCheck = 1010;
				LastUpgradeCheck = 1010;
				ORGANIZATIONNAME = "Евгений Клебан";
				TargetAttributes = {
					F3798CEE21EA9E190015F642 = {
						CreatedOnToolsVersion = 10.1;
					};
				};
			};
			buildConfigurationList = F3798CEA21EA9E190015F642 /* Build configuration list for PBXProject "TestProject" */;
			compatibilityVersion = "Xcode 9.3";
			developmentRegion = en;
			hasScannedForEncodings = 0;
			knownRegions = (
				en,
				Base,
			);
			mainGroup = F3798CE621EA9E190015F642;
			productRefGroup = F3798CF021EA9E190015F642 /* Products */;
			projectDirPath = "";
			projectRoot = "";
			targets = (
				F3798CEE21EA9E190015F642 /* TestProject */,
			);
		};
/* End PBXProject section */

/* Begin PBXResourcesBuildPhase section */
		F3798CED21EA9E190015F642 /* Resources */ = {
			isa = PBXResourcesBuildPhase;
			buildActionMask = 2147483647;
			files = (
				F3798CFD21EA9E1B0015F642 /* LaunchScreen.storyboard in Resources */,
				F3798CFA21EA9E1B0015F642 /* Assets.xcassets in Resources */,
				F3798CF821EA9E190015F642 /* Main.storyboard in Resources */,
			);
			runOnlyForDeploymentPostprocessing = 0;
		};
/* End PBXResourcesBuildPhase section */

/* Begin PBXSourcesBuildPhase section */
		F3798CEB21EA9E190015F642 /* Sources */ = {
			isa = PBXSourcesBuildPhase;
			buildActionMask = 2147483647;
			files = (
				F376F9BE21EAB14C00BB887E /* Item.swift in Sources */,
				F3798D0921EAAC610015F642 /* MainViewController.swift in Sources */,
				F376F9C021EAB23F00BB887E /* XMLFeedParser.swift in Sources */,
				F376F9C221EBD50D00BB887E /* WebViewController.swift in Sources */,
				F3798CF321EA9E190015F642 /* AppDelegate.swift in Sources */,
				F3798D0721EAABDF0015F642 /* Cell.swift in Sources */,
			);
			runOnlyForDeploymentPostprocessing = 0;
		};
/* End PBXSourcesBuildPhase section */

/* Begin PBXVariantGroup section */
		F3798CF621EA9E190015F642 /* Main.storyboard */ = {
			isa = PBXVariantGroup;
			children = (
				F3798CF721EA9E190015F642 /* Base */,
			);
			name = Main.storyboard;
			sourceTree = "<group>";
		};
		F3798CFB21EA9E1B0015F642 /* LaunchScreen.storyboard */ = {
			isa = PBXVariantGroup;
			children = (
				F3798CFC21EA9E1B0015F642 /* Base */,
			);
			name = LaunchScreen.storyboard;
			sourceTree = "<group>";
		};
/* End PBXVariantGroup section */

/* Begin XCBuildConfiguration section */
		F3798CFF21EA9E1B0015F642 /* Debug */ = {
			isa = XCBuildConfiguration;
			buildSettings = {
				ALWAYS_SEARCH_USER_PATHS = NO;
				CLANG_ANALYZER_NONNULL = YES;
				CLANG_ANALYZER_NUMBER_OBJECT_CONVERSION = YES_AGGRESSIVE;
				CLANG_CXX_LANGUAGE_STANDARD = "gnu++14";
				CLANG_CXX_LIBRARY = "libc++";
				CLANG_ENABLE_MODULES = YES;
				CLANG_ENABLE_OBJC_ARC = YES;
				CLANG_ENABLE_OBJC_WEAK = YES;
				CLANG_WARN_BLOCK_CAPTURE_AUTORELEASING = YES;
				CLANG_WARN_BOOL_CONVERSION = YES;
				CLANG_WARN_COMMA = YES;
				CLANG_WARN_CONSTANT_CONVERSION = YES;
				CLANG_WARN_DEPRECATED_OBJC_IMPLEMENTATIONS = YES;
				CLANG_WARN_DIRECT_OBJC_ISA_USAGE = YES_ERROR;
				CLANG_WARN_DOCUMENTATION_COMMENTS = YES;
				CLANG_WARN_EMPTY_BODY = YES;
				CLANG_WARN_ENUM_CONVERSION = YES;
				CLANG_WARN_INFINITE_RECURSION = YES;
				CLANG_WARN_INT_CONVERSION = YES;
				CLANG_WARN_NON_LITERAL_NULL_CONVERSION = YES;
				CLANG_WARN_OBJC_IMPLICIT_RETAIN_SELF = YES;
				CLANG_WARN_OBJC_LITERAL_CONVERSION = YES;
				CLANG_WARN_OBJC_ROOT_CLASS = YES_ERROR;
				CLANG_WARN_RANGE_LOOP_ANALYSIS = YES;
				CLANG_WARN_STRICT_PROTOTYPES = YES;
				CLANG_WARN_SUSPICIOUS_MOVE = YES;
				CLANG_WARN_UNGUARDED_AVAILABILITY = YES_AGGRESSIVE;
				CLANG_WARN_UNREACHABLE_CODE = YES;
				CLANG_WARN__DUPLICATE_METHOD_MATCH = YES;
				CODE_SIGN_IDENTITY = "iPhone Developer";
				COPY_PHASE_STRIP = NO;
				DEBUG_INFORMATION_FORMAT = dwarf;
				ENABLE_STRICT_OBJC_MSGSEND = YES;
				ENABLE_TESTABILITY = YES;
				GCC_C_LANGUAGE_STANDARD = gnu11;
				GCC_DYNAMIC_NO_PIC = NO;
				GCC_NO_COMMON_BLOCKS = YES;
				GCC_OPTIMIZATION_LEVEL = 0;
				GCC_PREPROCESSOR_DEFINITIONS = (
					"DEBUG=1",
					"$(inherited)",
				);
				GCC_WARN_64_TO_32_BIT_CONVERSION = YES;
				GCC_WARN_ABOUT_RETURN_TYPE = YES_ERROR;
				GCC_WARN_UNDECLARED_SELECTOR = YES;
				GCC_WARN_UNINITIALIZED_AUTOS = YES_AGGRESSIVE;
				GCC_WARN_UNUSED_FUNCTION = YES;
				GCC_WARN_UNUSED_VARIABLE = YES;
				IPHONEOS_DEPLOYMENT_TARGET = 12.1;
				MTL_ENABLE_DEBUG_INFO = INCLUDE_SOURCE;
				MTL_FAST_MATH = YES;
				ONLY_ACTIVE_ARCH = YES;
				SDKROOT = iphoneos;
				SWIFT_ACTIVE_COMPILATION_CONDITIONS = DEBUG;
				SWIFT_OPTIMIZATION_LEVEL = "-Onone";
			};
			name = Debug;
		};
		F3798D0021EA9E1B0015F642 /* Release */ = {
			isa = XCBuildConfiguration;
			buildSettings = {
				ALWAYS_SEARCH_USER_PATHS = NO;
				CLANG_ANALYZER_NONNULL = YES;
				CLANG_ANALYZER_NUMBER_OBJECT_CONVERSION = YES_AGGRESSIVE;
				CLANG_CXX_LANGUAGE_STANDARD = "gnu++14";
				CLANG_CXX_LIBRARY = "libc++";
				CLANG_ENABLE_MODULES = YES;
				CLANG_ENABLE_OBJC_ARC = YES;
				CLANG_ENABLE_OBJC_WEAK = YES;
				CLANG_WARN_BLOCK_CAPTURE_AUTORELEASING = YES;
				CLANG_WARN_BOOL_CONVERSION = YES;
				CLANG_WARN_COMMA = YES;
				CLANG_WARN_CONSTANT_CONVERSION = YES;
				CLANG_WARN_DEPRECATED_OBJC_IMPLEMENTATIONS = YES;
				CLANG_WARN_DIRECT_OBJC_ISA_USAGE = YES_ERROR;
				CLANG_WARN_DOCUMENTATION_COMMENTS = YES;
				CLANG_WARN_EMPTY_BODY = YES;
				CLANG_WARN_ENUM_CONVERSION = YES;
				CLANG_WARN_INFINITE_RECURSION = YES;
				CLANG_WARN_INT_CONVERSION = YES;
				CLANG_WARN_NON_LITERAL_NULL_CONVERSION = YES;
				CLANG_WARN_OBJC_IMPLICIT_RETAIN_SELF = YES;
				CLANG_WARN_OBJC_LITERAL_CONVERSION = YES;
				CLANG_WARN_OBJC_ROOT_CLASS = YES_ERROR;
				CLANG_WARN_RANGE_LOOP_ANALYSIS = YES;
				CLANG_WARN_STRICT_PROTOTYPES = YES;
				CLANG_WARN_SUSPICIOUS_MOVE = YES;
				CLANG_WARN_UNGUARDED_AVAILABILITY = YES_AGGRESSIVE;
				CLANG_WARN_UNREACHABLE_CODE = YES;
				CLANG_WARN__DUPLICATE_METHOD_MATCH = YES;
				CODE_SIGN_IDENTITY = "iPhone Developer";
				COPY_PHASE_STRIP = NO;
				DEBUG_INFORMATION_FORMAT = "dwarf-with-dsym";
				ENABLE_NS_ASSERTIONS = NO;
				ENABLE_STRICT_OBJC_MSGSEND = YES;
				GCC_C_LANGUAGE_STANDARD = gnu11;
				GCC_NO_COMMON_BLOCKS = YES;
				GCC_WARN_64_TO_32_BIT_CONVERSION = YES;
				GCC_WARN_ABOUT_RETURN_TYPE = YES_ERROR;
				GCC_WARN_UNDECLARED_SELECTOR = YES;
				GCC_WARN_UNINITIALIZED_AUTOS = YES_AGGRESSIVE;
				GCC_WARN_UNUSED_FUNCTION = YES;
				GCC_WARN_UNUSED_VARIABLE = YES;
				IPHONEOS_DEPLOYMENT_TARGET = 12.1;
				MTL_ENABLE_DEBUG_INFO = NO;
				MTL_FAST_MATH = YES;
				SDKROOT = iphoneos;
				SWIFT_COMPILATION_MODE = wholemodule;
				SWIFT_OPTIMIZATION_LEVEL = "-O";
				VALIDATE_PRODUCT = YES;
			};
			name = Release;
		};
		F3798D0221EA9E1B0015F642 /* Debug */ = {
			isa = XCBuildConfiguration;
			buildSettings = {
				ASSETCATALOG_COMPILER_APPICON_NAME = AppIcon;
				CODE_SIGN_STYLE = Automatic;
				DEVELOPMENT_TEAM = T5W8VVY96X;
				INFOPLIST_FILE = TestProject/Info.plist;
				LD_RUNPATH_SEARCH_PATHS = (
					"$(inherited)",
					"@executable_path/Frameworks",
				);
				PRODUCT_BUNDLE_IDENTIFIER = com.klevg.TestProject;
				PRODUCT_NAME = "$(TARGET_NAME)";
				SWIFT_VERSION = 4.2;
				TARGETED_DEVICE_FAMILY = "1,2";
			};
			name = Debug;
		};
		F3798D0321EA9E1B0015F642 /* Release */ = {
			isa = XCBuildConfiguration;
			buildSettings = {
				ASSETCATALOG_COMPILER_APPICON_NAME = AppIcon;
				CODE_SIGN_STYLE = Automatic;
				DEVELOPMENT_TEAM = T5W8VVY96X;
				INFOPLIST_FILE = TestProject/Info.plist;
				LD_RUNPATH_SEARCH_PATHS = (
					"$(inherited)",
					"@executable_path/Frameworks",
				);
				PRODUCT_BUNDLE_IDENTIFIER = com.klevg.TestProject;
				PRODUCT_NAME = "$(TARGET_NAME)";
				SWIFT_VERSION = 4.2;
				TARGETED_DEVICE_FAMILY = "1,2";
			};
			name = Release;
		};
/* End XCBuildConfiguration section */

/* Begin XCConfigurationList section */
		F3798CEA21EA9E190015F642 /* Build configuration list for PBXProject "TestProject" */ = {
			isa = XCConfigurationList;
			buildConfigurations = (
				F3798CFF21EA9E1B0015F642 /* Debug */,
				F3798D0021EA9E1B0015F642 /* Release */,
			);
			defaultConfigurationIsVisible = 0;
			defaultConfigurationName = Release;
		};
		F3798D0121EA9E1B0015F642 /* Build configuration list for PBXNativeTarget "TestProject" */ = {
			isa = XCConfigurationList;
			buildConfigurations = (
				F3798D0221EA9E1B0015F642 /* Debug */,
				F3798D0321EA9E1B0015F642 /* Release */,
			);
			defaultConfigurationIsVisible = 0;
			defaultConfigurationName = Release;
		};
/* End XCConfigurationList section */
	};
	rootObject = F3798CE721EA9E190015F642 /* Project object */;
}
